
Microsoft Visual Studio Solution File, Format Version 12.00
# Visual Studio Version 16
VisualStudioVersion = 16.0.29009.5
MinimumVisualStudioVersion = 10.0.40219.1
Project("{FAE04EC0-301F-11D3-BF4B-00C04F79EFBC}") = "VeeamTestTask", "VeeamTestTask\VeeamTestTask.csproj", "{40C35284-0F98-43BF-8E9B-82F60DB8E790}"
EndProject
Global
	GlobalSection(SolutionConfigurationPlatforms) = preSolution
		Debug|Any CPU = Debug|Any CPU
		Release|Any CPU = Release|Any CPU
	EndGlobalSection
	GlobalSection(ProjectConfigurationPlatforms) = postSolution
		{40C35284-0F98-43BF-8E9B-82F60DB8E790}.Debug|Any CPU.ActiveCfg = Debug|Any CPU
		{40C35284-0F98-43BF-8E9B-82F60DB8E790}.Debug|Any CPU.Build.0 = Debug|Any CPU
		{40C35284-0F98-43BF-8E9B-82F60DB8E790}.Release|Any CPU.ActiveCfg = Release|Any CPU
		{40C35284-0F98-43BF-8E9B-82F60DB8E790}.Release|Any CPU.Build.0 = Release|Any CPU
	EndGlobalSection
	GlobalSection(SolutionProperties) = preSolution
		HideSolutionNode = FALSE
	EndGlobalSection
	GlobalSection(ExtensibilityGlobals) = postSolution
		SolutionGuid = {D88A3207-672C-4782-A9D9-9455E9AF04D4}
	EndGlobalSection
EndGlobal
